{
  "name": "tomation",
  "version": "0.0.1",
  "lockfileVersion": 3,
  "requires": true,
  "packages": {
    "": {
      "name": "tomation",
      "version": "0.0.1",
      "workspaces": [
        "packages/dsl",
        "packages/compiler",
        "packages/extension"
      ]
    },
    "node_modules/@tomation/compiler": {
      "resolved": "packages/compiler",
      "link": true
    },
    "node_modules/@tomation/dsl": {
      "resolved": "packages/dsl",
      "link": true
    },
    "node_modules/acorn": {
      "version": "8.16.0",
      "resolved": "https://registry.npmjs.org/acorn/-/acorn-8.16.0.tgz",
      "integrity": "sha512-UVJyE9MttOsBQIDKw1skb9nAwQuR5wuGD3+82K6JgJlm/Y+KI92oNsMNGZCYdDsVtRHSak0pcV5Dno5+4jh9sw==",
      "license": "MIT",
      "bin": {
        "acorn": "bin/acorn"
      },
      "engines": {
        "node": ">=0.4.0"
      }
    },
    "node_modules/fast-check": {
      "version": "3.23.2",
      "resolved": "https://registry.npmjs.org/fast-check/-/fast-check-3.23.2.tgz",
      "integrity": "sha512-h5+1OzzfCC3Ef7VbtKdcv7zsstUQwUDlYpUTvjeUsJAssPgLn7QzbboPtL5ro04Mq0rPOsMzl7q5hIbRs2wD1A==",
      "dev": true,
      "funding": [
        {
          "type": "individual",
          "url": "https://github.com/sponsors/dubzzz"
        },
        {
          "type": "opencollective",
          "url": "https://opencollective.com/fast-check"
        }
      ],
      "license": "MIT",
      "dependencies": {
        "pure-rand": "^6.1.0"
      },
      "engines": {
        "node": ">=8.0.0"
      }
    },
    "node_modules/pure-rand": {
      "version": "6.1.0",
      "resolved": "https://registry.npmjs.org/pure-rand/-/pure-rand-6.1.0.tgz",
      "integrity": "sha512-bVWawvoZoBYpp6yIoQtQXHZjmz35RSVHnUOTefl8Vcjr8snTPY1wnpSPMWekcFwbxI6gtmT7rSYPFvz71ldiOA==",
      "dev": true,
      "funding": [
        {
          "type": "individual",
          "url": "https://github.com/sponsors/dubzzz"
        },
        {
          "type": "opencollective",
          "url": "https://opencollective.com/fast-check"
        }
      ],
      "license": "MIT"
    },
    "node_modules/tomation-extension": {
      "resolved": "packages/extension",
      "link": true
    },
    "packages/compiler": {
      "name": "@tomation/compiler",
      "version": "0.0.1",
      "dependencies": {
        "acorn": "^8.11.3"
      },
      "bin": {
        "tomation": "bin/tomation.js"
      },
      "devDependencies": {
        "fast-check": "^3.23.2"
      }
    },
    "packages/dsl": {
      "name": "@tomation/dsl",
      "version": "0.0.1"
    },
    "packages/extension": {
      "name": "tomation-extension",
      "version": "0.0.1"
    }
  }
}
